{
  "version": 4,
  "terraform_version": "0.13.2",
  "serial": 11,
  "lineage": "9d2595ff-1068-366d-0c0e-bceeaffbb631",
  "outputs": {},
  "resources": [
    {
      "mode": "managed",
      "type": "aws_s3_bucket",
      "name": "prod_tf_course",
      "provider": "provider[\"registry.terraform.io/hashicorp/aws\"]",
      "instances": [
        {
          "schema_version": 0,
          "attributes": {
            "acceleration_status": "",
            "acl": "private",
            "arn": "arn:aws:s3:::prod-tfcourse-2020-10-19-prassannas",
            "bucket": "prod-tfcourse-2020-10-19-prassannas",
            "bucket_domain_name": "prod-tfcourse-2020-10-19-prassannas.s3.amazonaws.com",
            "bucket_prefix": null,
            "bucket_regional_domain_name": "prod-tfcourse-2020-10-19-prassannas.s3.amazonaws.com",
            "cors_rule": [],
            "force_destroy": false,
            "grant": [],
            "hosted_zone_id": "Z3AQBSTGFYJSTF",
            "id": "prod-tfcourse-2020-10-19-prassannas",
            "lifecycle_rule": [],
            "logging": [],
            "object_lock_configuration": [],
            "policy": null,
            "region": "us-east-1",
            "replication_configuration": [],
            "request_payer": "BucketOwner",
            "server_side_encryption_configuration": [],
            "tags": {},
            "versioning": [
              {
                "enabled": false,
                "mfa_delete": false
              }
            ],
            "website": [],
            "website_domain": null,
            "website_endpoint": null
          },
          "private": "bnVsbA=="
        }
      ]
    }
  ]
}
